
Microsoft Visual Studio Solution File, Format Version 12.00
# Visual Studio 15
VisualStudioVersion = 15.0.26430.6
MinimumVisualStudioVersion = 10.0.40219.1
Project("{9A19103F-16F7-4668-BE54-9A1E7A4F7556}") = "TextualAutocomplete", "TextualAutocomplete\TextualAutocomplete.csproj", "{A5222675-264A-4FE0-951A-DCA6FAA507CE}"
EndProject
Project("{9A19103F-16F7-4668-BE54-9A1E7A4F7556}") = "TextCollections.Trie", "TextCollections.Trie\TextCollections.Trie.csproj", "{069AE418-3453-45C7-9051-C896A8426D65}"
EndProject
Project("{9A19103F-16F7-4668-BE54-9A1E7A4F7556}") = "TextCollections.ITrie", "TextCollections.ITrie\TextCollections.ITrie.csproj", "{79B0C7F8-C62F-4A37-A001-CC67850BF137}"
EndProject
Project("{FAE04EC0-301F-11D3-BF4B-00C04F79EFBC}") = "Common.AutoComplete", "Common.AutoComplete\Common.AutoComplete.csproj", "{D4EF9B33-28CA-41AE-93BF-54D2C56F450D}"
EndProject
Project("{FAE04EC0-301F-11D3-BF4B-00C04F79EFBC}") = "Common.IAutoComplete", "Common.IAutoComplete\Common.IAutoComplete.csproj", "{72796BB4-E52D-44F7-B724-18A2EC4D3C5C}"
EndProject
Global
	GlobalSection(SolutionConfigurationPlatforms) = preSolution
		Debug|Any CPU = Debug|Any CPU
		Release|Any CPU = Release|Any CPU
	EndGlobalSection
	GlobalSection(ProjectConfigurationPlatforms) = postSolution
		{A5222675-264A-4FE0-951A-DCA6FAA507CE}.Debug|Any CPU.ActiveCfg = Debug|Any CPU
		{A5222675-264A-4FE0-951A-DCA6FAA507CE}.Debug|Any CPU.Build.0 = Debug|Any CPU
		{A5222675-264A-4FE0-951A-DCA6FAA507CE}.Release|Any CPU.ActiveCfg = Release|Any CPU
		{A5222675-264A-4FE0-951A-DCA6FAA507CE}.Release|Any CPU.Build.0 = Release|Any CPU
		{069AE418-3453-45C7-9051-C896A8426D65}.Debug|Any CPU.ActiveCfg = Debug|Any CPU
		{069AE418-3453-45C7-9051-C896A8426D65}.Debug|Any CPU.Build.0 = Debug|Any CPU
		{069AE418-3453-45C7-9051-C896A8426D65}.Release|Any CPU.ActiveCfg = Release|Any CPU
		{069AE418-3453-45C7-9051-C896A8426D65}.Release|Any CPU.Build.0 = Release|Any CPU
		{79B0C7F8-C62F-4A37-A001-CC67850BF137}.Debug|Any CPU.ActiveCfg = Debug|Any CPU
		{79B0C7F8-C62F-4A37-A001-CC67850BF137}.Debug|Any CPU.Build.0 = Debug|Any CPU
		{79B0C7F8-C62F-4A37-A001-CC67850BF137}.Release|Any CPU.ActiveCfg = Release|Any CPU
		{79B0C7F8-C62F-4A37-A001-CC67850BF137}.Release|Any CPU.Build.0 = Release|Any CPU
		{D4EF9B33-28CA-41AE-93BF-54D2C56F450D}.Debug|Any CPU.ActiveCfg = Debug|Any CPU
		{D4EF9B33-28CA-41AE-93BF-54D2C56F450D}.Debug|Any CPU.Build.0 = Debug|Any CPU
		{D4EF9B33-28CA-41AE-93BF-54D2C56F450D}.Release|Any CPU.ActiveCfg = Release|Any CPU
		{D4EF9B33-28CA-41AE-93BF-54D2C56F450D}.Release|Any CPU.Build.0 = Release|Any CPU
		{72796BB4-E52D-44F7-B724-18A2EC4D3C5C}.Debug|Any CPU.ActiveCfg = Debug|Any CPU
		{72796BB4-E52D-44F7-B724-18A2EC4D3C5C}.Debug|Any CPU.Build.0 = Debug|Any CPU
		{72796BB4-E52D-44F7-B724-18A2EC4D3C5C}.Release|Any CPU.ActiveCfg = Release|Any CPU
		{72796BB4-E52D-44F7-B724-18A2EC4D3C5C}.Release|Any CPU.Build.0 = Release|Any CPU
	EndGlobalSection
	GlobalSection(SolutionProperties) = preSolution
		HideSolutionNode = FALSE
	EndGlobalSection
EndGlobal
